
Microsoft Visual Studio Solution File, Format Version 12.00
# Visual Studio Version 17
VisualStudioVersion = 17.1.32421.90
MinimumVisualStudioVersion = 10.0.40219.1
Project("{FAE04EC0-301F-11D3-BF4B-00C04F79EFBC}") = "CSFileManagerClient", "..\CSFileManagerClient\CSFileManagerClient.csproj", "{062FF02C-DE59-407C-8A9C-61115BF3F4E3}"
EndProject
Project("{FAE04EC0-301F-11D3-BF4B-00C04F79EFBC}") = "CSharpFileManager", "..\CSharpFileManager\CSharpFileManager.csproj", "{339A63AD-104F-448D-9C6B-6592FE62103F}"
EndProject
Global
	GlobalSection(SolutionConfigurationPlatforms) = preSolution
		Debug|Any CPU = Debug|Any CPU
		Release|Any CPU = Release|Any CPU
	EndGlobalSection
	GlobalSection(ProjectConfigurationPlatforms) = postSolution
		{062FF02C-DE59-407C-8A9C-61115BF3F4E3}.Debug|Any CPU.ActiveCfg = Debug|Any CPU
		{062FF02C-DE59-407C-8A9C-61115BF3F4E3}.Debug|Any CPU.Build.0 = Debug|Any CPU
		{062FF02C-DE59-407C-8A9C-61115BF3F4E3}.Release|Any CPU.ActiveCfg = Release|Any CPU
		{062FF02C-DE59-407C-8A9C-61115BF3F4E3}.Release|Any CPU.Build.0 = Release|Any CPU
		{339A63AD-104F-448D-9C6B-6592FE62103F}.Debug|Any CPU.ActiveCfg = Debug|Any CPU
		{339A63AD-104F-448D-9C6B-6592FE62103F}.Debug|Any CPU.Build.0 = Debug|Any CPU
		{339A63AD-104F-448D-9C6B-6592FE62103F}.Release|Any CPU.ActiveCfg = Release|Any CPU
		{339A63AD-104F-448D-9C6B-6592FE62103F}.Release|Any CPU.Build.0 = Release|Any CPU
	EndGlobalSection
	GlobalSection(SolutionProperties) = preSolution
		HideSolutionNode = FALSE
	EndGlobalSection
	GlobalSection(ExtensibilityGlobals) = postSolution
		SolutionGuid = {3CFAD4A8-7218-470B-BB47-19CB11D144F6}
	EndGlobalSection
EndGlobal
