
Microsoft Visual Studio Solution File, Format Version 12.00
# Visual Studio Version 17
VisualStudioVersion = 17.1.32421.90
MinimumVisualStudioVersion = 10.0.40219.1
Project("{FAE04EC0-301F-11D3-BF4B-00C04F79EFBC}") = "AuditManager", "AuditManager.csproj", "{2942744B-07A6-4DE2-8F64-9C8799AC6431}"
EndProject
Project("{FAE04EC0-301F-11D3-BF4B-00C04F79EFBC}") = "AuditManagerCommon", "..\AuditManagerCommon\AuditManagerCommon.csproj", "{34001601-CF29-4D3F-B11C-0947D8EED87D}"
EndProject
Project("{888888A0-9F3D-457C-B088-3A5042F75D52}") = "PythonFileManager", "..\PythonFileManager\PythonFileManager.pyproj", "{EE1B2903-17D8-4ED6-B914-72D349839E50}"
EndProject
Global
	GlobalSection(SolutionConfigurationPlatforms) = preSolution
		Debug|Any CPU = Debug|Any CPU
		Release|Any CPU = Release|Any CPU
	EndGlobalSection
	GlobalSection(ProjectConfigurationPlatforms) = postSolution
		{2942744B-07A6-4DE2-8F64-9C8799AC6431}.Debug|Any CPU.ActiveCfg = Debug|Any CPU
		{2942744B-07A6-4DE2-8F64-9C8799AC6431}.Debug|Any CPU.Build.0 = Debug|Any CPU
		{2942744B-07A6-4DE2-8F64-9C8799AC6431}.Release|Any CPU.ActiveCfg = Release|Any CPU
		{2942744B-07A6-4DE2-8F64-9C8799AC6431}.Release|Any CPU.Build.0 = Release|Any CPU
		{34001601-CF29-4D3F-B11C-0947D8EED87D}.Debug|Any CPU.ActiveCfg = Debug|Any CPU
		{34001601-CF29-4D3F-B11C-0947D8EED87D}.Debug|Any CPU.Build.0 = Debug|Any CPU
		{34001601-CF29-4D3F-B11C-0947D8EED87D}.Release|Any CPU.ActiveCfg = Release|Any CPU
		{34001601-CF29-4D3F-B11C-0947D8EED87D}.Release|Any CPU.Build.0 = Release|Any CPU
		{EE1B2903-17D8-4ED6-B914-72D349839E50}.Debug|Any CPU.ActiveCfg = Debug|Any CPU
		{EE1B2903-17D8-4ED6-B914-72D349839E50}.Release|Any CPU.ActiveCfg = Release|Any CPU
	EndGlobalSection
	GlobalSection(SolutionProperties) = preSolution
		HideSolutionNode = FALSE
	EndGlobalSection
	GlobalSection(ExtensibilityGlobals) = postSolution
		SolutionGuid = {29F81EC5-01E7-4ABA-9DD7-663B6D1A64C2}
	EndGlobalSection
EndGlobal
